{
  "nodes": {
    "fficxx": {
      "inputs": {
        "flake-utils": [
          "flake-utils"
        ],
        "nixpkgs": [
          "nixpkgs"
        ]
      },
      "locked": {
        "lastModified": 1690582437,
        "narHash": "sha256-GFcfVYDeJ3F2Rgjm2PfUVMvBAycWCEWPZFkE/5yECV8=",
        "owner": "wavewave",
        "repo": "fficxx",
        "rev": "f32cb4e1149d43b778a3772f6c033b3da70635b4",
        "type": "github"
      },
      "original": {
        "owner": "wavewave",
        "ref": "master",
        "repo": "fficxx",
        "type": "github"
      }
    },
    "flake-utils": {
      "locked": {
        "lastModified": 1656928814,
        "narHash": "sha256-RIFfgBuKz6Hp89yRr7+NR5tzIAbn52h8vT6vXkYjZoM=",
        "owner": "numtide",
        "repo": "flake-utils",
        "rev": "7e2a3b3dfd9af950a856d66b0a7d01e3c18aa249",
        "type": "github"
      },
      "original": {
        "owner": "numtide",
        "repo": "flake-utils",
        "type": "github"
      }
    },
    "nixpkgs": {
      "locked": {
        "lastModified": 1692394714,
        "narHash": "sha256-j5lXXPt6A9TWmpKQzhJyLlapki6O2zNSyw5Fjr7ezCk=",
        "owner": "NixOS",
        "repo": "nixpkgs",
        "rev": "6bdf417578919d9d1ce7592b6cf5afa0a8237500",
        "type": "github"
      },
      "original": {
        "owner": "NixOS",
        "ref": "master",
        "repo": "nixpkgs",
        "type": "github"
      }
    },
    "root": {
      "inputs": {
        "fficxx": "fficxx",
        "flake-utils": "flake-utils",
        "nixpkgs": "nixpkgs"
      }
    }
  },
  "root": "root",
  "version": 7
}
