{
  "nodes": {
    "flake-utils": {
      "locked": {
        "lastModified": 1656928814,
        "narHash": "sha256-RIFfgBuKz6Hp89yRr7+NR5tzIAbn52h8vT6vXkYjZoM=",
        "owner": "numtide",
        "repo": "flake-utils",
        "rev": "7e2a3b3dfd9af950a856d66b0a7d01e3c18aa249",
        "type": "github"
      },
      "original": {
        "owner": "numtide",
        "repo": "flake-utils",
        "type": "github"
      }
    },
    "nixpkgs": {
      "locked": {
        "lastModified": 1672951826,
        "narHash": "sha256-QICDm0wYIAI+VLtt7wM+MsexgwgixFUb5iiRpo5WIEg=",
        "owner": "wavewave",
        "repo": "nixpkgs",
        "rev": "bd1cb8a3f978907c40d85c2bd5d14826365d8067",
        "type": "github"
      },
      "original": {
        "owner": "wavewave",
        "ref": "wavewave/ogdf",
        "repo": "nixpkgs",
        "type": "github"
      }
    },
    "root": {
      "inputs": {
        "flake-utils": "flake-utils",
        "nixpkgs": "nixpkgs"
      }
    }
  },
  "root": "root",
  "version": 7
}
