{
  "nodes": {
    "fficxx": {
      "inputs": {
        "flake-utils": [
          "flake-utils"
        ],
        "nixpkgs": [
          "nixpkgs"
        ]
      },
      "locked": {
        "lastModified": 1670525717,
        "narHash": "sha256-/rUL1AZWpdECgZapDe6YX3xx2EcgirFHOjU14qReRIE=",
        "owner": "wavewave",
        "repo": "fficxx",
        "rev": "6ce14cae7ea4e561849ee307e4acf39dd38d92cb",
        "type": "github"
      },
      "original": {
        "owner": "wavewave",
        "ref": "master",
        "repo": "fficxx",
        "type": "github"
      }
    },
    "flake-utils": {
      "locked": {
        "lastModified": 1656928814,
        "narHash": "sha256-RIFfgBuKz6Hp89yRr7+NR5tzIAbn52h8vT6vXkYjZoM=",
        "owner": "numtide",
        "repo": "flake-utils",
        "rev": "7e2a3b3dfd9af950a856d66b0a7d01e3c18aa249",
        "type": "github"
      },
      "original": {
        "owner": "numtide",
        "repo": "flake-utils",
        "type": "github"
      }
    },
    "nixpkgs": {
      "locked": {
        "lastModified": 1670523482,
        "narHash": "sha256-1ZWE1CalCCBYvDXsvFMi7ic7wj3FTBu/x/DbWRWJ/zY=",
        "owner": "wavewave",
        "repo": "nixpkgs",
        "rev": "7d0e9079f6c339d23f416da5a29b3d460d220b30",
        "type": "github"
      },
      "original": {
        "owner": "wavewave",
        "ref": "wavewave/ogdf",
        "repo": "nixpkgs",
        "type": "github"
      }
    },
    "root": {
      "inputs": {
        "fficxx": "fficxx",
        "flake-utils": "flake-utils",
        "nixpkgs": "nixpkgs"
      }
    }
  },
  "root": "root",
  "version": 7
}
